// !$*UTF8*$!
{
	archiveVersion = 1;
	classes = {
	};
	objectVersion = 50;
	objects = {

/* Begin PBXBuildFile section */
		4208010E24FFA64C00C20804 /* Constants.swift in Sources */ = {isa = PBXBuildFile; fileRef = 4208010D24FFA64C00C20804 /* Constants.swift */; };
		4208011124FFAA9000C20804 /* PlantData.swift in Sources */ = {isa = PBXBuildFile; fileRef = 4208011024FFAA9000C20804 /* PlantData.swift */; };
		422CBEF725069D8F005D6A1A /* DataModel.xcdatamodeld in Sources */ = {isa = PBXBuildFile; fileRef = 422CBEF525069D8F005D6A1A /* DataModel.xcdatamodeld */; };
		4242431F25039C9700B3C1C0 /* FocusDelegate.swift in Sources */ = {isa = PBXBuildFile; fileRef = 4242431E25039C9700B3C1C0 /* FocusDelegate.swift */; };
		424243232503B2F900B3C1C0 /* LocationViewController.swift in Sources */ = {isa = PBXBuildFile; fileRef = 424243222503B2F900B3C1C0 /* LocationViewController.swift */; };
		424243252503C01C00B3C1C0 /* AddPlantTableCell.swift in Sources */ = {isa = PBXBuildFile; fileRef = 424243242503C01C00B3C1C0 /* AddPlantTableCell.swift */; };
		4251F153250D1DCB00F2B2A0 /* PlantCollectionCell.swift in Sources */ = {isa = PBXBuildFile; fileRef = 4251F152250D1DCB00F2B2A0 /* PlantCollectionCell.swift */; };
		4251F160250DDC2D00F2B2A0 /* DatabaseController.swift in Sources */ = {isa = PBXBuildFile; fileRef = 4251F15F250DDC2D00F2B2A0 /* DatabaseController.swift */; };
		4251F164250E5E7300F2B2A0 /* ExibitionData.swift in Sources */ = {isa = PBXBuildFile; fileRef = 4251F163250E5E7300F2B2A0 /* ExibitionData.swift */; };
		4251F171250E77BD00F2B2A0 /* Plants+CoreDataClass.swift in Sources */ = {isa = PBXBuildFile; fileRef = 4251F16D250E77BD00F2B2A0 /* Plants+CoreDataClass.swift */; };
		4251F172250E77BD00F2B2A0 /* Plants+CoreDataProperties.swift in Sources */ = {isa = PBXBuildFile; fileRef = 4251F16E250E77BD00F2B2A0 /* Plants+CoreDataProperties.swift */; };
		4251F173250E77BD00F2B2A0 /* Exibition+CoreDataClass.swift in Sources */ = {isa = PBXBuildFile; fileRef = 4251F16F250E77BD00F2B2A0 /* Exibition+CoreDataClass.swift */; };
		4251F174250E77BD00F2B2A0 /* Exibition+CoreDataProperties.swift in Sources */ = {isa = PBXBuildFile; fileRef = 4251F170250E77BD00F2B2A0 /* Exibition+CoreDataProperties.swift */; };
		4251F176250E84A400F2B2A0 /* LocationStoryBoard.storyboard in Resources */ = {isa = PBXBuildFile; fileRef = 4251F175250E84A400F2B2A0 /* LocationStoryBoard.storyboard */; };
		425EB2F124ECF183008AD18B /* AppDelegate.swift in Sources */ = {isa = PBXBuildFile; fileRef = 425EB2F024ECF183008AD18B /* AppDelegate.swift */; };
		425EB2F324ECF183008AD18B /* SceneDelegate.swift in Sources */ = {isa = PBXBuildFile; fileRef = 425EB2F224ECF183008AD18B /* SceneDelegate.swift */; };
		425EB2F824ECF183008AD18B /* Main.storyboard in Resources */ = {isa = PBXBuildFile; fileRef = 425EB2F624ECF183008AD18B /* Main.storyboard */; };
		425EB2FA24ECF186008AD18B /* Assets.xcassets in Resources */ = {isa = PBXBuildFile; fileRef = 425EB2F924ECF186008AD18B /* Assets.xcassets */; };
		425EB2FD24ECF186008AD18B /* LaunchScreen.storyboard in Resources */ = {isa = PBXBuildFile; fileRef = 425EB2FB24ECF186008AD18B /* LaunchScreen.storyboard */; };
		426A1E912504DFE90047E903 /* AddPlantDelegate.swift in Sources */ = {isa = PBXBuildFile; fileRef = 426A1E902504DFE90047E903 /* AddPlantDelegate.swift */; };
		426A1E93250511CE0047E903 /* CircularImageView.swift in Sources */ = {isa = PBXBuildFile; fileRef = 426A1E92250511CE0047E903 /* CircularImageView.swift */; };
		426A1E952505360D0047E903 /* CreateExibitionStoryBoard.storyboard in Resources */ = {isa = PBXBuildFile; fileRef = 426A1E942505360D0047E903 /* CreateExibitionStoryBoard.storyboard */; };
		426A1E97250537230047E903 /* AllExibitionsStoryBoard.storyboard in Resources */ = {isa = PBXBuildFile; fileRef = 426A1E96250537230047E903 /* AllExibitionsStoryBoard.storyboard */; };
		426A1E99250538940047E903 /* PlantDetailsStoryBoard.storyboard in Resources */ = {isa = PBXBuildFile; fileRef = 426A1E98250538940047E903 /* PlantDetailsStoryBoard.storyboard */; };
		426A1E9B250538F10047E903 /* AddPlantsStoryBoard.storyboard in Resources */ = {isa = PBXBuildFile; fileRef = 426A1E9A250538F10047E903 /* AddPlantsStoryBoard.storyboard */; };
		426A1E9D2505394D0047E903 /* ExibitionDetailsStoryBoard.storyboard in Resources */ = {isa = PBXBuildFile; fileRef = 426A1E9C2505394D0047E903 /* ExibitionDetailsStoryBoard.storyboard */; };
		42EE587B24F169A9009053A9 /* AllExibitionViewController.swift in Sources */ = {isa = PBXBuildFile; fileRef = 42EE587A24F169A9009053A9 /* AllExibitionViewController.swift */; };
		42EE587D24F16B02009053A9 /* AllExibitionTableCell.swift in Sources */ = {isa = PBXBuildFile; fileRef = 42EE587C24F16B02009053A9 /* AllExibitionTableCell.swift */; };
		42EE588424F17200009053A9 /* Utilities.swift in Sources */ = {isa = PBXBuildFile; fileRef = 42EE588324F17200009053A9 /* Utilities.swift */; };
		42EE588624F17AA5009053A9 /* ExibitionDetailsViewController.swift in Sources */ = {isa = PBXBuildFile; fileRef = 42EE588524F17AA5009053A9 /* ExibitionDetailsViewController.swift */; };
		42EE588824F20B3D009053A9 /* PlantDetailsViewController.swift in Sources */ = {isa = PBXBuildFile; fileRef = 42EE588724F20B3D009053A9 /* PlantDetailsViewController.swift */; };
		42EE588A24F20B95009053A9 /* CreateExibitionViewController.swift in Sources */ = {isa = PBXBuildFile; fileRef = 42EE588924F20B95009053A9 /* CreateExibitionViewController.swift */; };
		42EE588C24F20C02009053A9 /* AddPlantViewController.swift in Sources */ = {isa = PBXBuildFile; fileRef = 42EE588B24F20C02009053A9 /* AddPlantViewController.swift */; };
		42EE588E24F21057009053A9 /* HomeViewController.swift in Sources */ = {isa = PBXBuildFile; fileRef = 42EE588D24F21057009053A9 /* HomeViewController.swift */; };
/* End PBXBuildFile section */

/* Begin PBXFileReference section */
		4208010D24FFA64C00C20804 /* Constants.swift */ = {isa = PBXFileReference; lastKnownFileType = sourcecode.swift; path = Constants.swift; sourceTree = "<group>"; };
		4208011024FFAA9000C20804 /* PlantData.swift */ = {isa = PBXFileReference; lastKnownFileType = sourcecode.swift; path = PlantData.swift; sourceTree = "<group>"; };
		422CBEF625069D8F005D6A1A /* DataModel.xcdatamodel */ = {isa = PBXFileReference; lastKnownFileType = wrapper.xcdatamodel; path = DataModel.xcdatamodel; sourceTree = "<group>"; };
		4242431E25039C9700B3C1C0 /* FocusDelegate.swift */ = {isa = PBXFileReference; lastKnownFileType = sourcecode.swift; path = FocusDelegate.swift; sourceTree = "<group>"; };
		424243222503B2F900B3C1C0 /* LocationViewController.swift */ = {isa = PBXFileReference; lastKnownFileType = sourcecode.swift; path = LocationViewController.swift; sourceTree = "<group>"; };
		424243242503C01C00B3C1C0 /* AddPlantTableCell.swift */ = {isa = PBXFileReference; lastKnownFileType = sourcecode.swift; path = AddPlantTableCell.swift; sourceTree = "<group>"; };
		4251F152250D1DCB00F2B2A0 /* PlantCollectionCell.swift */ = {isa = PBXFileReference; lastKnownFileType = sourcecode.swift; path = PlantCollectionCell.swift; sourceTree = "<group>"; };
		4251F15F250DDC2D00F2B2A0 /* DatabaseController.swift */ = {isa = PBXFileReference; lastKnownFileType = sourcecode.swift; path = DatabaseController.swift; sourceTree = "<group>"; };
		4251F163250E5E7300F2B2A0 /* ExibitionData.swift */ = {isa = PBXFileReference; lastKnownFileType = sourcecode.swift; path = ExibitionData.swift; sourceTree = "<group>"; };
		4251F16D250E77BD00F2B2A0 /* Plants+CoreDataClass.swift */ = {isa = PBXFileReference; lastKnownFileType = sourcecode.swift; path = "Plants+CoreDataClass.swift"; sourceTree = "<group>"; };
		4251F16E250E77BD00F2B2A0 /* Plants+CoreDataProperties.swift */ = {isa = PBXFileReference; lastKnownFileType = sourcecode.swift; path = "Plants+CoreDataProperties.swift"; sourceTree = "<group>"; };
		4251F16F250E77BD00F2B2A0 /* Exibition+CoreDataClass.swift */ = {isa = PBXFileReference; lastKnownFileType = sourcecode.swift; path = "Exibition+CoreDataClass.swift"; sourceTree = "<group>"; };
		4251F170250E77BD00F2B2A0 /* Exibition+CoreDataProperties.swift */ = {isa = PBXFileReference; lastKnownFileType = sourcecode.swift; path = "Exibition+CoreDataProperties.swift"; sourceTree = "<group>"; };
		4251F175250E84A400F2B2A0 /* LocationStoryBoard.storyboard */ = {isa = PBXFileReference; lastKnownFileType = file.storyboard; path = LocationStoryBoard.storyboard; sourceTree = "<group>"; };
		425EB2ED24ECF183008AD18B /* Assignment-IOS.app */ = {isa = PBXFileReference; explicitFileType = wrapper.application; includeInIndex = 0; path = "Assignment-IOS.app"; sourceTree = BUILT_PRODUCTS_DIR; };
		425EB2F024ECF183008AD18B /* AppDelegate.swift */ = {isa = PBXFileReference; lastKnownFileType = sourcecode.swift; path = AppDelegate.swift; sourceTree = "<group>"; };
		425EB2F224ECF183008AD18B /* SceneDelegate.swift */ = {isa = PBXFileReference; lastKnownFileType = sourcecode.swift; path = SceneDelegate.swift; sourceTree = "<group>"; };
		425EB2F724ECF183008AD18B /* Base */ = {isa = PBXFileReference; lastKnownFileType = file.storyboard; name = Base; path = Base.lproj/Main.storyboard; sourceTree = "<group>"; };
		425EB2F924ECF186008AD18B /* Assets.xcassets */ = {isa = PBXFileReference; lastKnownFileType = folder.assetcatalog; path = Assets.xcassets; sourceTree = "<group>"; };
		425EB2FC24ECF186008AD18B /* Base */ = {isa = PBXFileReference; lastKnownFileType = file.storyboard; name = Base; path = Base.lproj/LaunchScreen.storyboard; sourceTree = "<group>"; };
		425EB2FE24ECF186008AD18B /* Info.plist */ = {isa = PBXFileReference; lastKnownFileType = text.plist.xml; path = Info.plist; sourceTree = "<group>"; };
		426A1E902504DFE90047E903 /* AddPlantDelegate.swift */ = {isa = PBXFileReference; lastKnownFileType = sourcecode.swift; path = AddPlantDelegate.swift; sourceTree = "<group>"; };
		426A1E92250511CE0047E903 /* CircularImageView.swift */ = {isa = PBXFileReference; lastKnownFileType = sourcecode.swift; path = CircularImageView.swift; sourceTree = "<group>"; };
		426A1E942505360D0047E903 /* CreateExibitionStoryBoard.storyboard */ = {isa = PBXFileReference; lastKnownFileType = file.storyboard; path = CreateExibitionStoryBoard.storyboard; sourceTree = "<group>"; };
		426A1E96250537230047E903 /* AllExibitionsStoryBoard.storyboard */ = {isa = PBXFileReference; lastKnownFileType = file.storyboard; path = AllExibitionsStoryBoard.storyboard; sourceTree = "<group>"; };
		426A1E98250538940047E903 /* PlantDetailsStoryBoard.storyboard */ = {isa = PBXFileReference; lastKnownFileType = file.storyboard; path = PlantDetailsStoryBoard.storyboard; sourceTree = "<group>"; };
		426A1E9A250538F10047E903 /* AddPlantsStoryBoard.storyboard */ = {isa = PBXFileReference; lastKnownFileType = file.storyboard; path = AddPlantsStoryBoard.storyboard; sourceTree = "<group>"; };
		426A1E9C2505394D0047E903 /* ExibitionDetailsStoryBoard.storyboard */ = {isa = PBXFileReference; lastKnownFileType = file.storyboard; path = ExibitionDetailsStoryBoard.storyboard; sourceTree = "<group>"; };
		42EE587A24F169A9009053A9 /* AllExibitionViewController.swift */ = {isa = PBXFileReference; lastKnownFileType = sourcecode.swift; path = AllExibitionViewController.swift; sourceTree = "<group>"; };
		42EE587C24F16B02009053A9 /* AllExibitionTableCell.swift */ = {isa = PBXFileReference; lastKnownFileType = sourcecode.swift; path = AllExibitionTableCell.swift; sourceTree = "<group>"; };
		42EE588324F17200009053A9 /* Utilities.swift */ = {isa = PBXFileReference; lastKnownFileType = sourcecode.swift; path = Utilities.swift; sourceTree = "<group>"; };
		42EE588524F17AA5009053A9 /* ExibitionDetailsViewController.swift */ = {isa = PBXFileReference; lastKnownFileType = sourcecode.swift; path = ExibitionDetailsViewController.swift; sourceTree = "<group>"; };
		42EE588724F20B3D009053A9 /* PlantDetailsViewController.swift */ = {isa = PBXFileReference; lastKnownFileType = sourcecode.swift; path = PlantDetailsViewController.swift; sourceTree = "<group>"; };
		42EE588924F20B95009053A9 /* CreateExibitionViewController.swift */ = {isa = PBXFileReference; lastKnownFileType = sourcecode.swift; path = CreateExibitionViewController.swift; sourceTree = "<group>"; };
		42EE588B24F20C02009053A9 /* AddPlantViewController.swift */ = {isa = PBXFileReference; lastKnownFileType = sourcecode.swift; path = AddPlantViewController.swift; sourceTree = "<group>"; };
		42EE588D24F21057009053A9 /* HomeViewController.swift */ = {isa = PBXFileReference; lastKnownFileType = sourcecode.swift; path = HomeViewController.swift; sourceTree = "<group>"; };
/* End PBXFileReference section */

/* Begin PBXFrameworksBuildPhase section */
		425EB2EA24ECF183008AD18B /* Frameworks */ = {
			isa = PBXFrameworksBuildPhase;
			buildActionMask = 2147483647;
			files = (
			);
			runOnlyForDeploymentPostprocessing = 0;
		};
/* End PBXFrameworksBuildPhase section */

/* Begin PBXGroup section */
		4208010F24FFAA6D00C20804 /* DataModels */ = {
			isa = PBXGroup;
			children = (
				4208011024FFAA9000C20804 /* PlantData.swift */,
				4251F163250E5E7300F2B2A0 /* ExibitionData.swift */,
			);
			path = DataModels;
			sourceTree = "<group>";
		};
		422CBEF82506A492005D6A1A /* DataBaseEntities */ = {
			isa = PBXGroup;
			children = (
				4251F16D250E77BD00F2B2A0 /* Plants+CoreDataClass.swift */,
				4251F16E250E77BD00F2B2A0 /* Plants+CoreDataProperties.swift */,
				4251F16F250E77BD00F2B2A0 /* Exibition+CoreDataClass.swift */,
				4251F170250E77BD00F2B2A0 /* Exibition+CoreDataProperties.swift */,
			);
			path = DataBaseEntities;
			sourceTree = "<group>";
		};
		4251F151250D1DA500F2B2A0 /* CollectionCells */ = {
			isa = PBXGroup;
			children = (
				4251F152250D1DCB00F2B2A0 /* PlantCollectionCell.swift */,
			);
			path = CollectionCells;
			sourceTree = "<group>";
		};
		4251F15E250DD64A00F2B2A0 /* Database */ = {
			isa = PBXGroup;
			children = (
				4251F15F250DDC2D00F2B2A0 /* DatabaseController.swift */,
			);
			path = Database;
			sourceTree = "<group>";
		};
		425EB2E424ECF183008AD18B = {
			isa = PBXGroup;
			children = (
				425EB2EF24ECF183008AD18B /* Assignment-IOS */,
				425EB2EE24ECF183008AD18B /* Products */,
			);
			sourceTree = "<group>";
		};
		425EB2EE24ECF183008AD18B /* Products */ = {
			isa = PBXGroup;
			children = (
				425EB2ED24ECF183008AD18B /* Assignment-IOS.app */,
			);
			name = Products;
			sourceTree = "<group>";
		};
		425EB2EF24ECF183008AD18B /* Assignment-IOS */ = {
			isa = PBXGroup;
			children = (
				4251F15E250DD64A00F2B2A0 /* Database */,
				4251F151250D1DA500F2B2A0 /* CollectionCells */,
				422CBEF82506A492005D6A1A /* DataBaseEntities */,
				4208010F24FFAA6D00C20804 /* DataModels */,
				42EE588224F171E4009053A9 /* Utilities */,
				42EE587E24F16FC3009053A9 /* Delegates */,
				42EE587924F16980009053A9 /* TableCells */,
				42EE587824F16974009053A9 /* ViewControllers */,
				425EB2F024ECF183008AD18B /* AppDelegate.swift */,
				425EB2F224ECF183008AD18B /* SceneDelegate.swift */,
				425EB2F624ECF183008AD18B /* Main.storyboard */,
				425EB2F924ECF186008AD18B /* Assets.xcassets */,
				425EB2FB24ECF186008AD18B /* LaunchScreen.storyboard */,
				425EB2FE24ECF186008AD18B /* Info.plist */,
				422CBEF525069D8F005D6A1A /* DataModel.xcdatamodeld */,
			);
			path = "Assignment-IOS";
			sourceTree = "<group>";
		};
		42EE587824F16974009053A9 /* ViewControllers */ = {
			isa = PBXGroup;
			children = (
				42EE587A24F169A9009053A9 /* AllExibitionViewController.swift */,
				426A1E96250537230047E903 /* AllExibitionsStoryBoard.storyboard */,
				42EE588524F17AA5009053A9 /* ExibitionDetailsViewController.swift */,
				426A1E9C2505394D0047E903 /* ExibitionDetailsStoryBoard.storyboard */,
				42EE588724F20B3D009053A9 /* PlantDetailsViewController.swift */,
				426A1E98250538940047E903 /* PlantDetailsStoryBoard.storyboard */,
				42EE588924F20B95009053A9 /* CreateExibitionViewController.swift */,
				426A1E942505360D0047E903 /* CreateExibitionStoryBoard.storyboard */,
				42EE588B24F20C02009053A9 /* AddPlantViewController.swift */,
				426A1E9A250538F10047E903 /* AddPlantsStoryBoard.storyboard */,
				42EE588D24F21057009053A9 /* HomeViewController.swift */,
				424243222503B2F900B3C1C0 /* LocationViewController.swift */,
				4251F175250E84A400F2B2A0 /* LocationStoryBoard.storyboard */,
			);
			path = ViewControllers;
			sourceTree = "<group>";
		};
		42EE587924F16980009053A9 /* TableCells */ = {
			isa = PBXGroup;
			children = (
				42EE587C24F16B02009053A9 /* AllExibitionTableCell.swift */,
				424243242503C01C00B3C1C0 /* AddPlantTableCell.swift */,
			);
			path = TableCells;
			sourceTree = "<group>";
		};
		42EE587E24F16FC3009053A9 /* Delegates */ = {
			isa = PBXGroup;
			children = (
				4242431E25039C9700B3C1C0 /* FocusDelegate.swift */,
				426A1E902504DFE90047E903 /* AddPlantDelegate.swift */,
			);
			path = Delegates;
			sourceTree = "<group>";
		};
		42EE588224F171E4009053A9 /* Utilities */ = {
			isa = PBXGroup;
			children = (
				4208010D24FFA64C00C20804 /* Constants.swift */,
				42EE588324F17200009053A9 /* Utilities.swift */,
				426A1E92250511CE0047E903 /* CircularImageView.swift */,
			);
			path = Utilities;
			sourceTree = "<group>";
		};
/* End PBXGroup section */

/* Begin PBXNativeTarget section */
		425EB2EC24ECF183008AD18B /* Assignment-IOS */ = {
			isa = PBXNativeTarget;
			buildConfigurationList = 425EB30124ECF186008AD18B /* Build configuration list for PBXNativeTarget "Assignment-IOS" */;
			buildPhases = (
				425EB2E924ECF183008AD18B /* Sources */,
				425EB2EA24ECF183008AD18B /* Frameworks */,
				425EB2EB24ECF183008AD18B /* Resources */,
			);
			buildRules = (
			);
			dependencies = (
			);
			name = "Assignment-IOS";
			productName = "Assignment-IOS";
			productReference = 425EB2ED24ECF183008AD18B /* Assignment-IOS.app */;
			productType = "com.apple.product-type.application";
		};
/* End PBXNativeTarget section */

/* Begin PBXProject section */
		425EB2E524ECF183008AD18B /* Project object */ = {
			isa = PBXProject;
			attributes = {
				LastSwiftUpdateCheck = 1160;
				LastUpgradeCheck = 1160;
				ORGANIZATIONNAME = Onkar;
				TargetAttributes = {
					425EB2EC24ECF183008AD18B = {
						CreatedOnToolsVersion = 11.6;
					};
				};
			};
			buildConfigurationList = 425EB2E824ECF183008AD18B /* Build configuration list for PBXProject "Assignment-IOS" */;
			compatibilityVersion = "Xcode 9.3";
			developmentRegion = en;
			hasScannedForEncodings = 0;
			knownRegions = (
				en,
				Base,
			);
			mainGroup = 425EB2E424ECF183008AD18B;
			productRefGroup = 425EB2EE24ECF183008AD18B /* Products */;
			projectDirPath = "";
			projectRoot = "";
			targets = (
				425EB2EC24ECF183008AD18B /* Assignment-IOS */,
			);
		};
/* End PBXProject section */

/* Begin PBXResourcesBuildPhase section */
		425EB2EB24ECF183008AD18B /* Resources */ = {
			isa = PBXResourcesBuildPhase;
			buildActionMask = 2147483647;
			files = (
				426A1E9B250538F10047E903 /* AddPlantsStoryBoard.storyboard in Resources */,
				425EB2FD24ECF186008AD18B /* LaunchScreen.storyboard in Resources */,
				425EB2FA24ECF186008AD18B /* Assets.xcassets in Resources */,
				426A1E99250538940047E903 /* PlantDetailsStoryBoard.storyboard in Resources */,
				425EB2F824ECF183008AD18B /* Main.storyboard in Resources */,
				426A1E952505360D0047E903 /* CreateExibitionStoryBoard.storyboard in Resources */,
				426A1E9D2505394D0047E903 /* ExibitionDetailsStoryBoard.storyboard in Resources */,
				426A1E97250537230047E903 /* AllExibitionsStoryBoard.storyboard in Resources */,
				4251F176250E84A400F2B2A0 /* LocationStoryBoard.storyboard in Resources */,
			);
			runOnlyForDeploymentPostprocessing = 0;
		};
/* End PBXResourcesBuildPhase section */

/* Begin PBXSourcesBuildPhase section */
		425EB2E924ECF183008AD18B /* Sources */ = {
			isa = PBXSourcesBuildPhase;
			buildActionMask = 2147483647;
			files = (
				426A1E912504DFE90047E903 /* AddPlantDelegate.swift in Sources */,
				426A1E93250511CE0047E903 /* CircularImageView.swift in Sources */,
				424243232503B2F900B3C1C0 /* LocationViewController.swift in Sources */,
				42EE588C24F20C02009053A9 /* AddPlantViewController.swift in Sources */,
				424243252503C01C00B3C1C0 /* AddPlantTableCell.swift in Sources */,
				4251F171250E77BD00F2B2A0 /* Plants+CoreDataClass.swift in Sources */,
				4251F153250D1DCB00F2B2A0 /* PlantCollectionCell.swift in Sources */,
				42EE588424F17200009053A9 /* Utilities.swift in Sources */,
				425EB2F124ECF183008AD18B /* AppDelegate.swift in Sources */,
				4251F174250E77BD00F2B2A0 /* Exibition+CoreDataProperties.swift in Sources */,
				4242431F25039C9700B3C1C0 /* FocusDelegate.swift in Sources */,
				42EE587B24F169A9009053A9 /* AllExibitionViewController.swift in Sources */,
				42EE588624F17AA5009053A9 /* ExibitionDetailsViewController.swift in Sources */,
				42EE588A24F20B95009053A9 /* CreateExibitionViewController.swift in Sources */,
				42EE588E24F21057009053A9 /* HomeViewController.swift in Sources */,
				4208011124FFAA9000C20804 /* PlantData.swift in Sources */,
				4251F173250E77BD00F2B2A0 /* Exibition+CoreDataClass.swift in Sources */,
				422CBEF725069D8F005D6A1A /* DataModel.xcdatamodeld in Sources */,
				42EE587D24F16B02009053A9 /* AllExibitionTableCell.swift in Sources */,
				4251F160250DDC2D00F2B2A0 /* DatabaseController.swift in Sources */,
				42EE588824F20B3D009053A9 /* PlantDetailsViewController.swift in Sources */,
				4251F172250E77BD00F2B2A0 /* Plants+CoreDataProperties.swift in Sources */,
				4251F164250E5E7300F2B2A0 /* ExibitionData.swift in Sources */,
				425EB2F324ECF183008AD18B /* SceneDelegate.swift in Sources */,
				4208010E24FFA64C00C20804 /* Constants.swift in Sources */,
			);
			runOnlyForDeploymentPostprocessing = 0;
		};
/* End PBXSourcesBuildPhase section */

/* Begin PBXVariantGroup section */
		425EB2F624ECF183008AD18B /* Main.storyboard */ = {
			isa = PBXVariantGroup;
			children = (
				425EB2F724ECF183008AD18B /* Base */,
			);
			name = Main.storyboard;
			sourceTree = "<group>";
		};
		425EB2FB24ECF186008AD18B /* LaunchScreen.storyboard */ = {
			isa = PBXVariantGroup;
			children = (
				425EB2FC24ECF186008AD18B /* Base */,
			);
			name = LaunchScreen.storyboard;
			sourceTree = "<group>";
		};
/* End PBXVariantGroup section */

/* Begin XCBuildConfiguration section */
		425EB2FF24ECF186008AD18B /* Debug */ = {
			isa = XCBuildConfiguration;
			buildSettings = {
				ALWAYS_SEARCH_USER_PATHS = NO;
				CLANG_ANALYZER_NONNULL = YES;
				CLANG_ANALYZER_NUMBER_OBJECT_CONVERSION = YES_AGGRESSIVE;
				CLANG_CXX_LANGUAGE_STANDARD = "gnu++14";
				CLANG_CXX_LIBRARY = "libc++";
				CLANG_ENABLE_MODULES = YES;
				CLANG_ENABLE_OBJC_ARC = YES;
				CLANG_ENABLE_OBJC_WEAK = YES;
				CLANG_WARN_BLOCK_CAPTURE_AUTORELEASING = YES;
				CLANG_WARN_BOOL_CONVERSION = YES;
				CLANG_WARN_COMMA = YES;
				CLANG_WARN_CONSTANT_CONVERSION = YES;
				CLANG_WARN_DEPRECATED_OBJC_IMPLEMENTATIONS = YES;
				CLANG_WARN_DIRECT_OBJC_ISA_USAGE = YES_ERROR;
				CLANG_WARN_DOCUMENTATION_COMMENTS = YES;
				CLANG_WARN_EMPTY_BODY = YES;
				CLANG_WARN_ENUM_CONVERSION = YES;
				CLANG_WARN_INFINITE_RECURSION = YES;
				CLANG_WARN_INT_CONVERSION = YES;
				CLANG_WARN_NON_LITERAL_NULL_CONVERSION = YES;
				CLANG_WARN_OBJC_IMPLICIT_RETAIN_SELF = YES;
				CLANG_WARN_OBJC_LITERAL_CONVERSION = YES;
				CLANG_WARN_OBJC_ROOT_CLASS = YES_ERROR;
				CLANG_WARN_RANGE_LOOP_ANALYSIS = YES;
				CLANG_WARN_STRICT_PROTOTYPES = YES;
				CLANG_WARN_SUSPICIOUS_MOVE = YES;
				CLANG_WARN_UNGUARDED_AVAILABILITY = YES_AGGRESSIVE;
				CLANG_WARN_UNREACHABLE_CODE = YES;
				CLANG_WARN__DUPLICATE_METHOD_MATCH = YES;
				COPY_PHASE_STRIP = NO;
				DEBUG_INFORMATION_FORMAT = dwarf;
				ENABLE_STRICT_OBJC_MSGSEND = YES;
				ENABLE_TESTABILITY = YES;
				GCC_C_LANGUAGE_STANDARD = gnu11;
				GCC_DYNAMIC_NO_PIC = NO;
				GCC_NO_COMMON_BLOCKS = YES;
				GCC_OPTIMIZATION_LEVEL = 0;
				GCC_PREPROCESSOR_DEFINITIONS = (
					"DEBUG=1",
					"$(inherited)",
				);
				GCC_WARN_64_TO_32_BIT_CONVERSION = YES;
				GCC_WARN_ABOUT_RETURN_TYPE = YES_ERROR;
				GCC_WARN_UNDECLARED_SELECTOR = YES;
				GCC_WARN_UNINITIALIZED_AUTOS = YES_AGGRESSIVE;
				GCC_WARN_UNUSED_FUNCTION = YES;
				GCC_WARN_UNUSED_VARIABLE = YES;
				IPHONEOS_DEPLOYMENT_TARGET = 13.6;
				MTL_ENABLE_DEBUG_INFO = INCLUDE_SOURCE;
				MTL_FAST_MATH = YES;
				ONLY_ACTIVE_ARCH = YES;
				SDKROOT = iphoneos;
				SWIFT_ACTIVE_COMPILATION_CONDITIONS = DEBUG;
				SWIFT_OPTIMIZATION_LEVEL = "-Onone";
			};
			name = Debug;
		};
		425EB30024ECF186008AD18B /* Release */ = {
			isa = XCBuildConfiguration;
			buildSettings = {
				ALWAYS_SEARCH_USER_PATHS = NO;
				CLANG_ANALYZER_NONNULL = YES;
				CLANG_ANALYZER_NUMBER_OBJECT_CONVERSION = YES_AGGRESSIVE;
				CLANG_CXX_LANGUAGE_STANDARD = "gnu++14";
				CLANG_CXX_LIBRARY = "libc++";
				CLANG_ENABLE_MODULES = YES;
				CLANG_ENABLE_OBJC_ARC = YES;
				CLANG_ENABLE_OBJC_WEAK = YES;
				CLANG_WARN_BLOCK_CAPTURE_AUTORELEASING = YES;
				CLANG_WARN_BOOL_CONVERSION = YES;
				CLANG_WARN_COMMA = YES;
				CLANG_WARN_CONSTANT_CONVERSION = YES;
				CLANG_WARN_DEPRECATED_OBJC_IMPLEMENTATIONS = YES;
				CLANG_WARN_DIRECT_OBJC_ISA_USAGE = YES_ERROR;
				CLANG_WARN_DOCUMENTATION_COMMENTS = YES;
				CLANG_WARN_EMPTY_BODY = YES;
				CLANG_WARN_ENUM_CONVERSION = YES;
				CLANG_WARN_INFINITE_RECURSION = YES;
				CLANG_WARN_INT_CONVERSION = YES;
				CLANG_WARN_NON_LITERAL_NULL_CONVERSION = YES;
				CLANG_WARN_OBJC_IMPLICIT_RETAIN_SELF = YES;
				CLANG_WARN_OBJC_LITERAL_CONVERSION = YES;
				CLANG_WARN_OBJC_ROOT_CLASS = YES_ERROR;
				CLANG_WARN_RANGE_LOOP_ANALYSIS = YES;
				CLANG_WARN_STRICT_PROTOTYPES = YES;
				CLANG_WARN_SUSPICIOUS_MOVE = YES;
				CLANG_WARN_UNGUARDED_AVAILABILITY = YES_AGGRESSIVE;
				CLANG_WARN_UNREACHABLE_CODE = YES;
				CLANG_WARN__DUPLICATE_METHOD_MATCH = YES;
				COPY_PHASE_STRIP = NO;
				DEBUG_INFORMATION_FORMAT = "dwarf-with-dsym";
				ENABLE_NS_ASSERTIONS = NO;
				ENABLE_STRICT_OBJC_MSGSEND = YES;
				GCC_C_LANGUAGE_STANDARD = gnu11;
				GCC_NO_COMMON_BLOCKS = YES;
				GCC_WARN_64_TO_32_BIT_CONVERSION = YES;
				GCC_WARN_ABOUT_RETURN_TYPE = YES_ERROR;
				GCC_WARN_UNDECLARED_SELECTOR = YES;
				GCC_WARN_UNINITIALIZED_AUTOS = YES_AGGRESSIVE;
				GCC_WARN_UNUSED_FUNCTION = YES;
				GCC_WARN_UNUSED_VARIABLE = YES;
				IPHONEOS_DEPLOYMENT_TARGET = 13.6;
				MTL_ENABLE_DEBUG_INFO = NO;
				MTL_FAST_MATH = YES;
				SDKROOT = iphoneos;
				SWIFT_COMPILATION_MODE = wholemodule;
				SWIFT_OPTIMIZATION_LEVEL = "-O";
				VALIDATE_PRODUCT = YES;
			};
			name = Release;
		};
		425EB30224ECF186008AD18B /* Debug */ = {
			isa = XCBuildConfiguration;
			buildSettings = {
				ASSETCATALOG_COMPILER_APPICON_NAME = AppIcon;
				CODE_SIGN_STYLE = Automatic;
				DEVELOPMENT_TEAM = 563CV843M8;
				INFOPLIST_FILE = "Assignment-IOS/Info.plist";
				LD_RUNPATH_SEARCH_PATHS = (
					"$(inherited)",
					"@executable_path/Frameworks",
				);
				PRODUCT_BUNDLE_IDENTIFIER = "kalpavriksha.onkar.Assignment-IOS";
				PRODUCT_NAME = "$(TARGET_NAME)";
				SWIFT_VERSION = 5.0;
				TARGETED_DEVICE_FAMILY = "1,2";
			};
			name = Debug;
		};
		425EB30324ECF186008AD18B /* Release */ = {
			isa = XCBuildConfiguration;
			buildSettings = {
				ASSETCATALOG_COMPILER_APPICON_NAME = AppIcon;
				CODE_SIGN_STYLE = Automatic;
				DEVELOPMENT_TEAM = 563CV843M8;
				INFOPLIST_FILE = "Assignment-IOS/Info.plist";
				LD_RUNPATH_SEARCH_PATHS = (
					"$(inherited)",
					"@executable_path/Frameworks",
				);
				PRODUCT_BUNDLE_IDENTIFIER = "kalpavriksha.onkar.Assignment-IOS";
				PRODUCT_NAME = "$(TARGET_NAME)";
				SWIFT_VERSION = 5.0;
				TARGETED_DEVICE_FAMILY = "1,2";
			};
			name = Release;
		};
/* End XCBuildConfiguration section */

/* Begin XCConfigurationList section */
		425EB2E824ECF183008AD18B /* Build configuration list for PBXProject "Assignment-IOS" */ = {
			isa = XCConfigurationList;
			buildConfigurations = (
				425EB2FF24ECF186008AD18B /* Debug */,
				425EB30024ECF186008AD18B /* Release */,
			);
			defaultConfigurationIsVisible = 0;
			defaultConfigurationName = Release;
		};
		425EB30124ECF186008AD18B /* Build configuration list for PBXNativeTarget "Assignment-IOS" */ = {
			isa = XCConfigurationList;
			buildConfigurations = (
				425EB30224ECF186008AD18B /* Debug */,
				425EB30324ECF186008AD18B /* Release */,
			);
			defaultConfigurationIsVisible = 0;
			defaultConfigurationName = Release;
		};
/* End XCConfigurationList section */

/* Begin XCVersionGroup section */
		422CBEF525069D8F005D6A1A /* DataModel.xcdatamodeld */ = {
			isa = XCVersionGroup;
			children = (
				422CBEF625069D8F005D6A1A /* DataModel.xcdatamodel */,
			);
			currentVersion = 422CBEF625069D8F005D6A1A /* DataModel.xcdatamodel */;
			path = DataModel.xcdatamodeld;
			sourceTree = "<group>";
			versionGroupType = wrapper.xcdatamodel;
		};
/* End XCVersionGroup section */
	};
	rootObject = 425EB2E524ECF183008AD18B /* Project object */;
}
